
Microsoft Visual Studio Solution File, Format Version 12.00
# Visual Studio Version 17
VisualStudioVersion = 17.3.32804.467
MinimumVisualStudioVersion = 10.0.40219.1
Project("{FAE04EC0-301F-11D3-BF4B-00C04F79EFBC}") = "CSClass2", "CSClass2\CSClass2.csproj", "{80CEFE8D-CA18-4368-A31E-FF65D27CF41F}"
EndProject
Global
	GlobalSection(SolutionConfigurationPlatforms) = preSolution
		Debug|Any CPU = Debug|Any CPU
		Release|Any CPU = Release|Any CPU
	EndGlobalSection
	GlobalSection(ProjectConfigurationPlatforms) = postSolution
		{80CEFE8D-CA18-4368-A31E-FF65D27CF41F}.Debug|Any CPU.ActiveCfg = Debug|Any CPU
		{80CEFE8D-CA18-4368-A31E-FF65D27CF41F}.Debug|Any CPU.Build.0 = Debug|Any CPU
		{80CEFE8D-CA18-4368-A31E-FF65D27CF41F}.Release|Any CPU.ActiveCfg = Release|Any CPU
		{80CEFE8D-CA18-4368-A31E-FF65D27CF41F}.Release|Any CPU.Build.0 = Release|Any CPU
	EndGlobalSection
	GlobalSection(SolutionProperties) = preSolution
		HideSolutionNode = FALSE
	EndGlobalSection
	GlobalSection(ExtensibilityGlobals) = postSolution
		SolutionGuid = {7738C59C-4920-4F7A-BBD3-553DD606566B}
	EndGlobalSection
EndGlobal
